
Microsoft Visual Studio Solution File, Format Version 12.00
Project("{FAE04EC0-301F-11D3-BF4B-00C04F79EFBC}") = "AcceptanceTests", "AcceptanceTests\AcceptanceTests.csproj", "{A6F7E11D-A472-460F-99D9-67340FFF74BE}"
EndProject
Global
	GlobalSection(SolutionConfigurationPlatforms) = preSolution
		Debug|Any CPU = Debug|Any CPU
		Release|Any CPU = Release|Any CPU
	EndGlobalSection
	GlobalSection(ProjectConfigurationPlatforms) = postSolution
		{A6F7E11D-A472-460F-99D9-67340FFF74BE}.Debug|Any CPU.ActiveCfg = Debug|Any CPU
		{A6F7E11D-A472-460F-99D9-67340FFF74BE}.Debug|Any CPU.Build.0 = Debug|Any CPU
		{A6F7E11D-A472-460F-99D9-67340FFF74BE}.Release|Any CPU.ActiveCfg = Release|Any CPU
		{A6F7E11D-A472-460F-99D9-67340FFF74BE}.Release|Any CPU.Build.0 = Release|Any CPU
	EndGlobalSection
EndGlobal
